
Microsoft Visual Studio Solution File, Format Version 12.00
# Visual Studio Version 16
VisualStudioVersion = 16.0.31402.337
MinimumVisualStudioVersion = 10.0.40219.1
Project("{FAE04EC0-301F-11D3-BF4B-00C04F79EFBC}") = "CalculatorV2", "CalculatorV2\CalculatorV2.csproj", "{B8965C8B-36CF-40FF-B551-B1958012A13C}"
EndProject
Global
	GlobalSection(SolutionConfigurationPlatforms) = preSolution
		Debug|Any CPU = Debug|Any CPU
		Release|Any CPU = Release|Any CPU
	EndGlobalSection
	GlobalSection(ProjectConfigurationPlatforms) = postSolution
		{B8965C8B-36CF-40FF-B551-B1958012A13C}.Debug|Any CPU.ActiveCfg = Debug|Any CPU
		{B8965C8B-36CF-40FF-B551-B1958012A13C}.Debug|Any CPU.Build.0 = Debug|Any CPU
		{B8965C8B-36CF-40FF-B551-B1958012A13C}.Release|Any CPU.ActiveCfg = Release|Any CPU
		{B8965C8B-36CF-40FF-B551-B1958012A13C}.Release|Any CPU.Build.0 = Release|Any CPU
	EndGlobalSection
	GlobalSection(SolutionProperties) = preSolution
		HideSolutionNode = FALSE
	EndGlobalSection
	GlobalSection(ExtensibilityGlobals) = postSolution
		SolutionGuid = {513C73CC-05B7-41B2-BC73-4A58738BCA07}
	EndGlobalSection
EndGlobal
